
Microsoft Visual Studio Solution File, Format Version 12.00
# Visual Studio Version 17
VisualStudioVersion = 17.6.33829.357
MinimumVisualStudioVersion = 10.0.40219.1
Project("{FAE04EC0-301F-11D3-BF4B-00C04F79EFBC}") = "FruitShopping", "FruitShopping\FruitShopping.csproj", "{AAF838F6-D418-4821-B31D-679BA758F7BA}"
EndProject
Global
	GlobalSection(SolutionConfigurationPlatforms) = preSolution
		Debug|Any CPU = Debug|Any CPU
		Release|Any CPU = Release|Any CPU
	EndGlobalSection
	GlobalSection(ProjectConfigurationPlatforms) = postSolution
		{AAF838F6-D418-4821-B31D-679BA758F7BA}.Debug|Any CPU.ActiveCfg = Debug|Any CPU
		{AAF838F6-D418-4821-B31D-679BA758F7BA}.Debug|Any CPU.Build.0 = Debug|Any CPU
		{AAF838F6-D418-4821-B31D-679BA758F7BA}.Release|Any CPU.ActiveCfg = Release|Any CPU
		{AAF838F6-D418-4821-B31D-679BA758F7BA}.Release|Any CPU.Build.0 = Release|Any CPU
	EndGlobalSection
	GlobalSection(SolutionProperties) = preSolution
		HideSolutionNode = FALSE
	EndGlobalSection
	GlobalSection(ExtensibilityGlobals) = postSolution
		SolutionGuid = {8BCBA0E2-6AD2-4FE0-8E71-04D1CCA5C992}
	EndGlobalSection
EndGlobal
